
Microsoft Visual Studio Solution File, Format Version 12.00
# Visual Studio 15
Project("{FAE04EC0-301F-11D3-BF4B-00C04F79EFBC}") = "ConsoleUI", "ConsoleUI\ConsoleUI.csproj", "{40D9C50A-ED84-44F1-A428-05013BFD4A4F}"
EndProject
Project("{FAE04EC0-301F-11D3-BF4B-00C04F79EFBC}") = "GarageLogic", "GarageLogic\GarageLogic.csproj", "{AE0AA2E8-1CA5-4CB4-B904-A11F1C96206B}"
EndProject
Global
	GlobalSection(SolutionConfigurationPlatforms) = preSolution
		Debug|anycpu = Debug|anycpu
		Release|anycpu = Release|anycpu
	EndGlobalSection
	GlobalSection(ProjectConfigurationPlatforms) = postSolution
		{40D9C50A-ED84-44F1-A428-05013BFD4A4F}.Debug|anycpu.ActiveCfg = Debug|anycpu
		{40D9C50A-ED84-44F1-A428-05013BFD4A4F}.Debug|anycpu.Build.0 = Debug|anycpu
		{40D9C50A-ED84-44F1-A428-05013BFD4A4F}.Release|anycpu.ActiveCfg = Release|anycpu
		{40D9C50A-ED84-44F1-A428-05013BFD4A4F}.Release|anycpu.Build.0 = Release|anycpu
		{AE0AA2E8-1CA5-4CB4-B904-A11F1C96206B}.Debug|anycpu.ActiveCfg = Debug|anycpu
		{AE0AA2E8-1CA5-4CB4-B904-A11F1C96206B}.Debug|anycpu.Build.0 = Debug|anycpu
		{AE0AA2E8-1CA5-4CB4-B904-A11F1C96206B}.Release|anycpu.ActiveCfg = Release|anycpu
		{AE0AA2E8-1CA5-4CB4-B904-A11F1C96206B}.Release|anycpu.Build.0 = Release|anycpu
	EndGlobalSection
	GlobalSection(MonoDevelopProperties) = preSolution
		Policies = $0
		$0.DotNetNamingPolicy = $1
		$1.DirectoryNamespaceAssociation = PrefixedHierarchical
		$0.TextStylePolicy = $2
		$2.inheritsSet = null
		$2.scope = text/x-csharp
		$0.CSharpFormattingPolicy = $3
		$3.scope = text/x-csharp
		$0.TextStylePolicy = $4
		$4.FileWidth = 80
		$4.TabsToSpaces = True
		$4.scope = text/plain
		$0.StandardHeader = $5
		$0.VersionControlPolicy = $6
	EndGlobalSection
EndGlobal
