
Microsoft Visual Studio Solution File, Format Version 12.00
# Visual Studio 15
Project("{FAE04EC0-301F-11D3-BF4B-00C04F79EFBC}") = "Ex04.Menus.Delegates", "Ex04.Menus.Delegates\Ex04.Menus.Delegates.csproj", "{6AE50839-E1B5-4AB1-B802-1F250AA219C8}"
EndProject
Project("{FAE04EC0-301F-11D3-BF4B-00C04F79EFBC}") = "Ex04.Menus.Interfaces", "Ex04.Menus.Interfaces\Ex04.Menus.Interfaces.csproj", "{C9289F6C-5302-45A8-AF63-3E230F436725}"
EndProject
Project("{FAE04EC0-301F-11D3-BF4B-00C04F79EFBC}") = "Ex04.Menus.Test", "Ex04.Menus.Test\Ex04.Menus.Test.csproj", "{1DF8909A-4203-4294-83AB-7AFD4F3D79BF}"
EndProject
Global
	GlobalSection(SolutionConfigurationPlatforms) = preSolution
		Debug|anycpu = Debug|anycpu
		Release|anycpu = Release|anycpu
	EndGlobalSection
	GlobalSection(ProjectConfigurationPlatforms) = postSolution
		{6AE50839-E1B5-4AB1-B802-1F250AA219C8}.Debug|anycpu.ActiveCfg = Debug|anycpu
		{6AE50839-E1B5-4AB1-B802-1F250AA219C8}.Debug|anycpu.Build.0 = Debug|anycpu
		{6AE50839-E1B5-4AB1-B802-1F250AA219C8}.Release|anycpu.ActiveCfg = Release|anycpu
		{6AE50839-E1B5-4AB1-B802-1F250AA219C8}.Release|anycpu.Build.0 = Release|anycpu
		{C9289F6C-5302-45A8-AF63-3E230F436725}.Debug|anycpu.ActiveCfg = Debug|anycpu
		{C9289F6C-5302-45A8-AF63-3E230F436725}.Debug|anycpu.Build.0 = Debug|anycpu
		{C9289F6C-5302-45A8-AF63-3E230F436725}.Release|anycpu.ActiveCfg = Release|anycpu
		{C9289F6C-5302-45A8-AF63-3E230F436725}.Release|anycpu.Build.0 = Release|anycpu
		{1DF8909A-4203-4294-83AB-7AFD4F3D79BF}.Debug|anycpu.ActiveCfg = Debug|anycpu
		{1DF8909A-4203-4294-83AB-7AFD4F3D79BF}.Debug|anycpu.Build.0 = Debug|anycpu
		{1DF8909A-4203-4294-83AB-7AFD4F3D79BF}.Release|anycpu.ActiveCfg = Release|anycpu
		{1DF8909A-4203-4294-83AB-7AFD4F3D79BF}.Release|anycpu.Build.0 = Release|anycpu
	EndGlobalSection
EndGlobal
